// !$*UTF8*$!
{
	archiveVersion = 1;
	classes = {
	};
	objectVersion = 46;
	objects = {

/* Begin PBXBuildFile section */
		AC9E65191CB7B1F800BC51B8 /* KKHttp.h in Headers */ = {isa = PBXBuildFile; fileRef = AC9E65181CB7B1F800BC51B8 /* KKHttp.h */; settings = {ATTRIBUTES = (Public, ); }; };
		AC9E65211CB7B23300BC51B8 /* KKHttp.swift in Sources */ = {isa = PBXBuildFile; fileRef = AC9E65201CB7B23300BC51B8 /* KKHttp.swift */; };
		AC9E65231CB7B23C00BC51B8 /* KKHeader.swift in Sources */ = {isa = PBXBuildFile; fileRef = AC9E65221CB7B23C00BC51B8 /* KKHeader.swift */; };
		AC9E65251CB7B2B400BC51B8 /* KKMessage.swift in Sources */ = {isa = PBXBuildFile; fileRef = AC9E65241CB7B2B400BC51B8 /* KKMessage.swift */; };
		AC9E65271CB7B38400BC51B8 /* KKRequest.swift in Sources */ = {isa = PBXBuildFile; fileRef = AC9E65261CB7B38400BC51B8 /* KKRequest.swift */; };
		AC9E65291CB7B4B000BC51B8 /* KKBody.swift in Sources */ = {isa = PBXBuildFile; fileRef = AC9E65281CB7B4B000BC51B8 /* KKBody.swift */; };
		AC9E652B1CB7B53800BC51B8 /* KKResponse.swift in Sources */ = {isa = PBXBuildFile; fileRef = AC9E652A1CB7B53800BC51B8 /* KKResponse.swift */; };
		AC9E652D1CB7B64A00BC51B8 /* KKConnection.swift in Sources */ = {isa = PBXBuildFile; fileRef = AC9E652C1CB7B64A00BC51B8 /* KKConnection.swift */; };
		AC9E652F1CB7B8E900BC51B8 /* KKPipe.swift in Sources */ = {isa = PBXBuildFile; fileRef = AC9E652E1CB7B8E900BC51B8 /* KKPipe.swift */; };
/* End PBXBuildFile section */

/* Begin PBXFileReference section */
		AC9E65151CB7B1F800BC51B8 /* KKHttp.framework */ = {isa = PBXFileReference; explicitFileType = wrapper.framework; includeInIndex = 0; path = KKHttp.framework; sourceTree = BUILT_PRODUCTS_DIR; };
		AC9E65181CB7B1F800BC51B8 /* KKHttp.h */ = {isa = PBXFileReference; lastKnownFileType = sourcecode.c.h; path = KKHttp.h; sourceTree = "<group>"; };
		AC9E651A1CB7B1F800BC51B8 /* Info.plist */ = {isa = PBXFileReference; lastKnownFileType = text.plist.xml; path = Info.plist; sourceTree = "<group>"; };
		AC9E65201CB7B23300BC51B8 /* KKHttp.swift */ = {isa = PBXFileReference; fileEncoding = 4; lastKnownFileType = sourcecode.swift; path = KKHttp.swift; sourceTree = "<group>"; };
		AC9E65221CB7B23C00BC51B8 /* KKHeader.swift */ = {isa = PBXFileReference; fileEncoding = 4; lastKnownFileType = sourcecode.swift; path = KKHeader.swift; sourceTree = "<group>"; };
		AC9E65241CB7B2B400BC51B8 /* KKMessage.swift */ = {isa = PBXFileReference; fileEncoding = 4; lastKnownFileType = sourcecode.swift; path = KKMessage.swift; sourceTree = "<group>"; };
		AC9E65261CB7B38400BC51B8 /* KKRequest.swift */ = {isa = PBXFileReference; fileEncoding = 4; lastKnownFileType = sourcecode.swift; path = KKRequest.swift; sourceTree = "<group>"; };
		AC9E65281CB7B4B000BC51B8 /* KKBody.swift */ = {isa = PBXFileReference; fileEncoding = 4; lastKnownFileType = sourcecode.swift; path = KKBody.swift; sourceTree = "<group>"; };
		AC9E652A1CB7B53800BC51B8 /* KKResponse.swift */ = {isa = PBXFileReference; fileEncoding = 4; lastKnownFileType = sourcecode.swift; path = KKResponse.swift; sourceTree = "<group>"; };
		AC9E652C1CB7B64A00BC51B8 /* KKConnection.swift */ = {isa = PBXFileReference; fileEncoding = 4; lastKnownFileType = sourcecode.swift; path = KKConnection.swift; sourceTree = "<group>"; };
		AC9E652E1CB7B8E900BC51B8 /* KKPipe.swift */ = {isa = PBXFileReference; fileEncoding = 4; lastKnownFileType = sourcecode.swift; path = KKPipe.swift; sourceTree = "<group>"; };
/* End PBXFileReference section */

/* Begin PBXFrameworksBuildPhase section */
		AC9E65111CB7B1F800BC51B8 /* Frameworks */ = {
			isa = PBXFrameworksBuildPhase;
			buildActionMask = 2147483647;
			files = (
			);
			runOnlyForDeploymentPostprocessing = 0;
		};
/* End PBXFrameworksBuildPhase section */

/* Begin PBXGroup section */
		AC9E650B1CB7B1F800BC51B8 = {
			isa = PBXGroup;
			children = (
				AC9E65171CB7B1F800BC51B8 /* KKHttp */,
				AC9E65161CB7B1F800BC51B8 /* Products */,
			);
			sourceTree = "<group>";
		};
		AC9E65161CB7B1F800BC51B8 /* Products */ = {
			isa = PBXGroup;
			children = (
				AC9E65151CB7B1F800BC51B8 /* KKHttp.framework */,
			);
			name = Products;
			sourceTree = "<group>";
		};
		AC9E65171CB7B1F800BC51B8 /* KKHttp */ = {
			isa = PBXGroup;
			children = (
				AC9E65181CB7B1F800BC51B8 /* KKHttp.h */,
				AC9E651A1CB7B1F800BC51B8 /* Info.plist */,
				AC9E65201CB7B23300BC51B8 /* KKHttp.swift */,
				AC9E65221CB7B23C00BC51B8 /* KKHeader.swift */,
				AC9E65241CB7B2B400BC51B8 /* KKMessage.swift */,
				AC9E65261CB7B38400BC51B8 /* KKRequest.swift */,
				AC9E65281CB7B4B000BC51B8 /* KKBody.swift */,
				AC9E652A1CB7B53800BC51B8 /* KKResponse.swift */,
				AC9E652C1CB7B64A00BC51B8 /* KKConnection.swift */,
				AC9E652E1CB7B8E900BC51B8 /* KKPipe.swift */,
			);
			path = KKHttp;
			sourceTree = "<group>";
		};
/* End PBXGroup section */

/* Begin PBXHeadersBuildPhase section */
		AC9E65121CB7B1F800BC51B8 /* Headers */ = {
			isa = PBXHeadersBuildPhase;
			buildActionMask = 2147483647;
			files = (
				AC9E65191CB7B1F800BC51B8 /* KKHttp.h in Headers */,
			);
			runOnlyForDeploymentPostprocessing = 0;
		};
/* End PBXHeadersBuildPhase section */

/* Begin PBXNativeTarget section */
		AC9E65141CB7B1F800BC51B8 /* KKHttp */ = {
			isa = PBXNativeTarget;
			buildConfigurationList = AC9E651D1CB7B1F800BC51B8 /* Build configuration list for PBXNativeTarget "KKHttp" */;
			buildPhases = (
				AC9E65101CB7B1F800BC51B8 /* Sources */,
				AC9E65111CB7B1F800BC51B8 /* Frameworks */,
				AC9E65121CB7B1F800BC51B8 /* Headers */,
				AC9E65131CB7B1F800BC51B8 /* Resources */,
			);
			buildRules = (
			);
			dependencies = (
			);
			name = KKHttp;
			productName = KKHttp;
			productReference = AC9E65151CB7B1F800BC51B8 /* KKHttp.framework */;
			productType = "com.apple.product-type.framework";
		};
/* End PBXNativeTarget section */

/* Begin PBXProject section */
		AC9E650C1CB7B1F800BC51B8 /* Project object */ = {
			isa = PBXProject;
			attributes = {
				LastUpgradeCheck = 0730;
				ORGANIZATIONNAME = hailong.org;
				TargetAttributes = {
					AC9E65141CB7B1F800BC51B8 = {
						CreatedOnToolsVersion = 7.3;
					};
				};
			};
			buildConfigurationList = AC9E650F1CB7B1F800BC51B8 /* Build configuration list for PBXProject "KKHttp" */;
			compatibilityVersion = "Xcode 3.2";
			developmentRegion = English;
			hasScannedForEncodings = 0;
			knownRegions = (
				en,
			);
			mainGroup = AC9E650B1CB7B1F800BC51B8;
			productRefGroup = AC9E65161CB7B1F800BC51B8 /* Products */;
			projectDirPath = "";
			projectRoot = "";
			targets = (
				AC9E65141CB7B1F800BC51B8 /* KKHttp */,
			);
		};
/* End PBXProject section */

/* Begin PBXResourcesBuildPhase section */
		AC9E65131CB7B1F800BC51B8 /* Resources */ = {
			isa = PBXResourcesBuildPhase;
			buildActionMask = 2147483647;
			files = (
			);
			runOnlyForDeploymentPostprocessing = 0;
		};
/* End PBXResourcesBuildPhase section */

/* Begin PBXSourcesBuildPhase section */
		AC9E65101CB7B1F800BC51B8 /* Sources */ = {
			isa = PBXSourcesBuildPhase;
			buildActionMask = 2147483647;
			files = (
				AC9E652B1CB7B53800BC51B8 /* KKResponse.swift in Sources */,
				AC9E65231CB7B23C00BC51B8 /* KKHeader.swift in Sources */,
				AC9E652D1CB7B64A00BC51B8 /* KKConnection.swift in Sources */,
				AC9E652F1CB7B8E900BC51B8 /* KKPipe.swift in Sources */,
				AC9E65271CB7B38400BC51B8 /* KKRequest.swift in Sources */,
				AC9E65291CB7B4B000BC51B8 /* KKBody.swift in Sources */,
				AC9E65211CB7B23300BC51B8 /* KKHttp.swift in Sources */,
				AC9E65251CB7B2B400BC51B8 /* KKMessage.swift in Sources */,
			);
			runOnlyForDeploymentPostprocessing = 0;
		};
/* End PBXSourcesBuildPhase section */

/* Begin XCBuildConfiguration section */
		AC9E651B1CB7B1F800BC51B8 /* Debug */ = {
			isa = XCBuildConfiguration;
			buildSettings = {
				ALWAYS_SEARCH_USER_PATHS = NO;
				CLANG_ANALYZER_NONNULL = YES;
				CLANG_CXX_LANGUAGE_STANDARD = "gnu++0x";
				CLANG_CXX_LIBRARY = "libc++";
				CLANG_ENABLE_MODULES = YES;
				CLANG_ENABLE_OBJC_ARC = YES;
				CLANG_WARN_BOOL_CONVERSION = YES;
				CLANG_WARN_CONSTANT_CONVERSION = YES;
				CLANG_WARN_DIRECT_OBJC_ISA_USAGE = YES_ERROR;
				CLANG_WARN_EMPTY_BODY = YES;
				CLANG_WARN_ENUM_CONVERSION = YES;
				CLANG_WARN_INT_CONVERSION = YES;
				CLANG_WARN_OBJC_ROOT_CLASS = YES_ERROR;
				CLANG_WARN_UNREACHABLE_CODE = YES;
				CLANG_WARN__DUPLICATE_METHOD_MATCH = YES;
				"CODE_SIGN_IDENTITY[sdk=iphoneos*]" = "iPhone Developer";
				COPY_PHASE_STRIP = NO;
				CURRENT_PROJECT_VERSION = 1;
				DEBUG_INFORMATION_FORMAT = dwarf;
				ENABLE_STRICT_OBJC_MSGSEND = YES;
				ENABLE_TESTABILITY = YES;
				GCC_C_LANGUAGE_STANDARD = gnu99;
				GCC_DYNAMIC_NO_PIC = NO;
				GCC_NO_COMMON_BLOCKS = YES;
				GCC_OPTIMIZATION_LEVEL = 0;
				GCC_PREPROCESSOR_DEFINITIONS = (
					"DEBUG=1",
					"$(inherited)",
				);
				GCC_WARN_64_TO_32_BIT_CONVERSION = YES;
				GCC_WARN_ABOUT_RETURN_TYPE = YES_ERROR;
				GCC_WARN_UNDECLARED_SELECTOR = YES;
				GCC_WARN_UNINITIALIZED_AUTOS = YES_AGGRESSIVE;
				GCC_WARN_UNUSED_FUNCTION = YES;
				GCC_WARN_UNUSED_VARIABLE = YES;
				IPHONEOS_DEPLOYMENT_TARGET = 9.3;
				MTL_ENABLE_DEBUG_INFO = YES;
				ONLY_ACTIVE_ARCH = YES;
				SDKROOT = iphoneos;
				SWIFT_OPTIMIZATION_LEVEL = "-Onone";
				TARGETED_DEVICE_FAMILY = "1,2";
				VERSIONING_SYSTEM = "apple-generic";
				VERSION_INFO_PREFIX = "";
			};
			name = Debug;
		};
		AC9E651C1CB7B1F800BC51B8 /* Release */ = {
			isa = XCBuildConfiguration;
			buildSettings = {
				ALWAYS_SEARCH_USER_PATHS = NO;
				CLANG_ANALYZER_NONNULL = YES;
				CLANG_CXX_LANGUAGE_STANDARD = "gnu++0x";
				CLANG_CXX_LIBRARY = "libc++";
				CLANG_ENABLE_MODULES = YES;
				CLANG_ENABLE_OBJC_ARC = YES;
				CLANG_WARN_BOOL_CONVERSION = YES;
				CLANG_WARN_CONSTANT_CONVERSION = YES;
				CLANG_WARN_DIRECT_OBJC_ISA_USAGE = YES_ERROR;
				CLANG_WARN_EMPTY_BODY = YES;
				CLANG_WARN_ENUM_CONVERSION = YES;
				CLANG_WARN_INT_CONVERSION = YES;
				CLANG_WARN_OBJC_ROOT_CLASS = YES_ERROR;
				CLANG_WARN_UNREACHABLE_CODE = YES;
				CLANG_WARN__DUPLICATE_METHOD_MATCH = YES;
				"CODE_SIGN_IDENTITY[sdk=iphoneos*]" = "iPhone Developer";
				COPY_PHASE_STRIP = NO;
				CURRENT_PROJECT_VERSION = 1;
				DEBUG_INFORMATION_FORMAT = "dwarf-with-dsym";
				ENABLE_NS_ASSERTIONS = NO;
				ENABLE_STRICT_OBJC_MSGSEND = YES;
				GCC_C_LANGUAGE_STANDARD = gnu99;
				GCC_NO_COMMON_BLOCKS = YES;
				GCC_WARN_64_TO_32_BIT_CONVERSION = YES;
				GCC_WARN_ABOUT_RETURN_TYPE = YES_ERROR;
				GCC_WARN_UNDECLARED_SELECTOR = YES;
				GCC_WARN_UNINITIALIZED_AUTOS = YES_AGGRESSIVE;
				GCC_WARN_UNUSED_FUNCTION = YES;
				GCC_WARN_UNUSED_VARIABLE = YES;
				IPHONEOS_DEPLOYMENT_TARGET = 9.3;
				MTL_ENABLE_DEBUG_INFO = NO;
				SDKROOT = iphoneos;
				TARGETED_DEVICE_FAMILY = "1,2";
				VALIDATE_PRODUCT = YES;
				VERSIONING_SYSTEM = "apple-generic";
				VERSION_INFO_PREFIX = "";
			};
			name = Release;
		};
		AC9E651E1CB7B1F800BC51B8 /* Debug */ = {
			isa = XCBuildConfiguration;
			buildSettings = {
				CLANG_ENABLE_MODULES = YES;
				DEAD_CODE_STRIPPING = NO;
				DEFINES_MODULE = YES;
				INFOPLIST_FILE = KKHttp/Info.plist;
				INSTALL_PATH = "$(LOCAL_LIBRARY_DIR)/Frameworks";
				IPHONEOS_DEPLOYMENT_TARGET = 7.0;
				LINK_WITH_STANDARD_LIBRARIES = NO;
				MACH_O_TYPE = mh_object;
				PRODUCT_BUNDLE_IDENTIFIER = org.hailong.KKHttp;
				PRODUCT_NAME = "$(TARGET_NAME)";
				SKIP_INSTALL = YES;
				SWIFT_OPTIMIZATION_LEVEL = "-Onone";
			};
			name = Debug;
		};
		AC9E651F1CB7B1F800BC51B8 /* Release */ = {
			isa = XCBuildConfiguration;
			buildSettings = {
				CLANG_ENABLE_MODULES = YES;
				DEAD_CODE_STRIPPING = NO;
				DEFINES_MODULE = YES;
				INFOPLIST_FILE = KKHttp/Info.plist;
				INSTALL_PATH = "$(LOCAL_LIBRARY_DIR)/Frameworks";
				IPHONEOS_DEPLOYMENT_TARGET = 7.0;
				LINK_WITH_STANDARD_LIBRARIES = NO;
				MACH_O_TYPE = mh_object;
				PRODUCT_BUNDLE_IDENTIFIER = org.hailong.KKHttp;
				PRODUCT_NAME = "$(TARGET_NAME)";
				SKIP_INSTALL = YES;
			};
			name = Release;
		};
/* End XCBuildConfiguration section */

/* Begin XCConfigurationList section */
		AC9E650F1CB7B1F800BC51B8 /* Build configuration list for PBXProject "KKHttp" */ = {
			isa = XCConfigurationList;
			buildConfigurations = (
				AC9E651B1CB7B1F800BC51B8 /* Debug */,
				AC9E651C1CB7B1F800BC51B8 /* Release */,
			);
			defaultConfigurationIsVisible = 0;
			defaultConfigurationName = Release;
		};
		AC9E651D1CB7B1F800BC51B8 /* Build configuration list for PBXNativeTarget "KKHttp" */ = {
			isa = XCConfigurationList;
			buildConfigurations = (
				AC9E651E1CB7B1F800BC51B8 /* Debug */,
				AC9E651F1CB7B1F800BC51B8 /* Release */,
			);
			defaultConfigurationIsVisible = 0;
		};
/* End XCConfigurationList section */
	};
	rootObject = AC9E650C1CB7B1F800BC51B8 /* Project object */;
}
